
Microsoft Visual Studio Solution File, Format Version 12.00
# Visual Studio Version 17
VisualStudioVersion = 17.0.31903.59
MinimumVisualStudioVersion = 10.0.40219.1
Project("{F2A71F9B-5D33-465A-A702-920D77279786}") = "chap04", "chap04\chap04.fsproj", "{F4631F75-C1CD-4434-9D35-88F83F5D8A34}"
EndProject
Project("{F2A71F9B-5D33-465A-A702-920D77279786}") = "chap05", "chap05\chap05.fsproj", "{91089774-7153-42E0-B721-F833200476BC}"
EndProject
Project("{F2A71F9B-5D33-465A-A702-920D77279786}") = "OrderTaking", "OrderTaking\OrderTaking.fsproj", "{C8191DD6-CE50-4747-A8BD-0CCA9A0ABC8F}"
EndProject
Project("{F2A71F9B-5D33-465A-A702-920D77279786}") = "chap06", "chap06\chap06.fsproj", "{34323682-F552-4782-9981-0EF6DEAF1FCC}"
EndProject
Project("{F2A71F9B-5D33-465A-A702-920D77279786}") = "chap07", "chap07\chap07.fsproj", "{3D682A00-0857-41C7-9213-B89F63D8DD9E}"
EndProject
Project("{F2A71F9B-5D33-465A-A702-920D77279786}") = "chap08", "chap08\chap08.fsproj", "{FF661B9B-E622-442A-B8BC-9070EF038BD9}"
EndProject
Project("{F2A71F9B-5D33-465A-A702-920D77279786}") = "chap09", "chap09\chap09.fsproj", "{E79C5C84-F986-4B54-A746-A60404B8723B}"
EndProject
Global
	GlobalSection(SolutionConfigurationPlatforms) = preSolution
		Debug|Any CPU = Debug|Any CPU
		Release|Any CPU = Release|Any CPU
	EndGlobalSection
	GlobalSection(SolutionProperties) = preSolution
		HideSolutionNode = FALSE
	EndGlobalSection
	GlobalSection(ProjectConfigurationPlatforms) = postSolution
		{F4631F75-C1CD-4434-9D35-88F83F5D8A34}.Debug|Any CPU.ActiveCfg = Debug|Any CPU
		{F4631F75-C1CD-4434-9D35-88F83F5D8A34}.Debug|Any CPU.Build.0 = Debug|Any CPU
		{F4631F75-C1CD-4434-9D35-88F83F5D8A34}.Release|Any CPU.ActiveCfg = Release|Any CPU
		{F4631F75-C1CD-4434-9D35-88F83F5D8A34}.Release|Any CPU.Build.0 = Release|Any CPU
		{91089774-7153-42E0-B721-F833200476BC}.Debug|Any CPU.ActiveCfg = Debug|Any CPU
		{91089774-7153-42E0-B721-F833200476BC}.Debug|Any CPU.Build.0 = Debug|Any CPU
		{91089774-7153-42E0-B721-F833200476BC}.Release|Any CPU.ActiveCfg = Release|Any CPU
		{91089774-7153-42E0-B721-F833200476BC}.Release|Any CPU.Build.0 = Release|Any CPU
		{C8191DD6-CE50-4747-A8BD-0CCA9A0ABC8F}.Debug|Any CPU.ActiveCfg = Debug|Any CPU
		{C8191DD6-CE50-4747-A8BD-0CCA9A0ABC8F}.Debug|Any CPU.Build.0 = Debug|Any CPU
		{C8191DD6-CE50-4747-A8BD-0CCA9A0ABC8F}.Release|Any CPU.ActiveCfg = Release|Any CPU
		{C8191DD6-CE50-4747-A8BD-0CCA9A0ABC8F}.Release|Any CPU.Build.0 = Release|Any CPU
		{34323682-F552-4782-9981-0EF6DEAF1FCC}.Debug|Any CPU.ActiveCfg = Debug|Any CPU
		{34323682-F552-4782-9981-0EF6DEAF1FCC}.Debug|Any CPU.Build.0 = Debug|Any CPU
		{34323682-F552-4782-9981-0EF6DEAF1FCC}.Release|Any CPU.ActiveCfg = Release|Any CPU
		{34323682-F552-4782-9981-0EF6DEAF1FCC}.Release|Any CPU.Build.0 = Release|Any CPU
		{3D682A00-0857-41C7-9213-B89F63D8DD9E}.Debug|Any CPU.ActiveCfg = Debug|Any CPU
		{3D682A00-0857-41C7-9213-B89F63D8DD9E}.Debug|Any CPU.Build.0 = Debug|Any CPU
		{3D682A00-0857-41C7-9213-B89F63D8DD9E}.Release|Any CPU.ActiveCfg = Release|Any CPU
		{3D682A00-0857-41C7-9213-B89F63D8DD9E}.Release|Any CPU.Build.0 = Release|Any CPU
		{FF661B9B-E622-442A-B8BC-9070EF038BD9}.Debug|Any CPU.ActiveCfg = Debug|Any CPU
		{FF661B9B-E622-442A-B8BC-9070EF038BD9}.Debug|Any CPU.Build.0 = Debug|Any CPU
		{FF661B9B-E622-442A-B8BC-9070EF038BD9}.Release|Any CPU.ActiveCfg = Release|Any CPU
		{FF661B9B-E622-442A-B8BC-9070EF038BD9}.Release|Any CPU.Build.0 = Release|Any CPU
		{E79C5C84-F986-4B54-A746-A60404B8723B}.Debug|Any CPU.ActiveCfg = Debug|Any CPU
		{E79C5C84-F986-4B54-A746-A60404B8723B}.Debug|Any CPU.Build.0 = Debug|Any CPU
		{E79C5C84-F986-4B54-A746-A60404B8723B}.Release|Any CPU.ActiveCfg = Release|Any CPU
		{E79C5C84-F986-4B54-A746-A60404B8723B}.Release|Any CPU.Build.0 = Release|Any CPU
	EndGlobalSection
EndGlobal
